
Microsoft Visual Studio Solution File, Format Version 12.00
# Visual Studio Version 17
VisualStudioVersion = 17.4.33205.214
MinimumVisualStudioVersion = 10.0.40219.1
Project("{8BC9CEB8-8B4A-11D0-8D11-00A0C91BC942}") = "learning", "learning\learning.vcxproj", "{E2BC3F77-B5ED-488C-B702-B5A4A437AFAB}"
EndProject
Global
	GlobalSection(SolutionConfigurationPlatforms) = preSolution
		Debug|x64 = Debug|x64
		Debug|x86 = Debug|x86
		Release|x64 = Release|x64
		Release|x86 = Release|x86
	EndGlobalSection
	GlobalSection(ProjectConfigurationPlatforms) = postSolution
		{E2BC3F77-B5ED-488C-B702-B5A4A437AFAB}.Debug|x64.ActiveCfg = Debug|x64
		{E2BC3F77-B5ED-488C-B702-B5A4A437AFAB}.Debug|x64.Build.0 = Debug|x64
		{E2BC3F77-B5ED-488C-B702-B5A4A437AFAB}.Debug|x86.ActiveCfg = Debug|Win32
		{E2BC3F77-B5ED-488C-B702-B5A4A437AFAB}.Debug|x86.Build.0 = Debug|Win32
		{E2BC3F77-B5ED-488C-B702-B5A4A437AFAB}.Release|x64.ActiveCfg = Release|x64
		{E2BC3F77-B5ED-488C-B702-B5A4A437AFAB}.Release|x64.Build.0 = Release|x64
		{E2BC3F77-B5ED-488C-B702-B5A4A437AFAB}.Release|x86.ActiveCfg = Release|Win32
		{E2BC3F77-B5ED-488C-B702-B5A4A437AFAB}.Release|x86.Build.0 = Release|Win32
	EndGlobalSection
	GlobalSection(SolutionProperties) = preSolution
		HideSolutionNode = FALSE
	EndGlobalSection
	GlobalSection(ExtensibilityGlobals) = postSolution
		SolutionGuid = {1FDAC85C-C2C1-4F17-9B80-D8D6F6A04943}
	EndGlobalSection
EndGlobal
